Microsoft Visual Studio Solution File, Format Version 11.00
# Visual Studio 2008

Project("{EFD510DA-4892-0CEF-0D82-50B4427A4CBD}") = "InteractiveMobileTest", "Assembly-CSharp.csproj", "{C5C652D1-96FA-1323-3C6F-54D471BBD495}"
EndProject
Project("{EFD510DA-4892-0CEF-0D82-50B4427A4CBD}") = "InteractiveMobileTest", "Assembly-CSharp-Editor.csproj", "{B81D5249-E911-EBA3-8055-22D6E17246C2}"
EndProject
Global
	GlobalSection(SolutionConfigurationPlatforms) = preSolution
		Debug|Any CPU = Debug|Any CPU
		Release|Any CPU = Release|Any CPU
	EndGlobalSection
	GlobalSection(ProjectConfigurationPlatforms) = postSolution
		{C5C652D1-96FA-1323-3C6F-54D471BBD495}.Debug|Any CPU.ActiveCfg = Debug|Any CPU
		{C5C652D1-96FA-1323-3C6F-54D471BBD495}.Debug|Any CPU.Build.0 = Debug|Any CPU
		{C5C652D1-96FA-1323-3C6F-54D471BBD495}.Release|Any CPU.ActiveCfg = Release|Any CPU
		{C5C652D1-96FA-1323-3C6F-54D471BBD495}.Release|Any CPU.Build.0 = Release|Any CPU
		{B81D5249-E911-EBA3-8055-22D6E17246C2}.Debug|Any CPU.ActiveCfg = Debug|Any CPU
		{B81D5249-E911-EBA3-8055-22D6E17246C2}.Debug|Any CPU.Build.0 = Debug|Any CPU
		{B81D5249-E911-EBA3-8055-22D6E17246C2}.Release|Any CPU.ActiveCfg = Release|Any CPU
		{B81D5249-E911-EBA3-8055-22D6E17246C2}.Release|Any CPU.Build.0 = Release|Any CPU
	EndGlobalSection
	GlobalSection(SolutionProperties) = preSolution
		HideSolutionNode = FALSE
	EndGlobalSection
		GlobalSection(MonoDevelopProperties) = preSolution
		StartupItem = Assembly-CSharp.csproj
	EndGlobalSection
EndGlobal
